
Microsoft Visual Studio Solution File, Format Version 12.00
# Visual Studio 15
VisualStudioVersion = 15.0.26124.0
MinimumVisualStudioVersion = 15.0.26124.0
Project("{FAE04EC0-301F-11D3-BF4B-00C04F79EFBC}") = "ProAgil.API", "ProAgil.API\ProAgil.API.csproj", "{F9555D5F-A0E7-4D40-9E48-3AD2BE7190CF}"
EndProject
Project("{FAE04EC0-301F-11D3-BF4B-00C04F79EFBC}") = "ProAgil.Repository", "ProAgil.Repository\ProAgil.Repository.csproj", "{B533E7E9-0EFA-4526-8D03-DE415B739721}"
EndProject
Project("{FAE04EC0-301F-11D3-BF4B-00C04F79EFBC}") = "ProAgil.Domain", "ProAgil.Domain\ProAgil.Domain.csproj", "{F1D9F51B-6FBE-4D99-A497-E461FDC3FD96}"
EndProject
Global
	GlobalSection(SolutionConfigurationPlatforms) = preSolution
		Debug|Any CPU = Debug|Any CPU
		Debug|x64 = Debug|x64
		Debug|x86 = Debug|x86
		Release|Any CPU = Release|Any CPU
		Release|x64 = Release|x64
		Release|x86 = Release|x86
	EndGlobalSection
	GlobalSection(SolutionProperties) = preSolution
		HideSolutionNode = FALSE
	EndGlobalSection
	GlobalSection(ProjectConfigurationPlatforms) = postSolution
		{F9555D5F-A0E7-4D40-9E48-3AD2BE7190CF}.Debug|Any CPU.ActiveCfg = Debug|Any CPU
		{F9555D5F-A0E7-4D40-9E48-3AD2BE7190CF}.Debug|Any CPU.Build.0 = Debug|Any CPU
		{F9555D5F-A0E7-4D40-9E48-3AD2BE7190CF}.Debug|x64.ActiveCfg = Debug|Any CPU
		{F9555D5F-A0E7-4D40-9E48-3AD2BE7190CF}.Debug|x64.Build.0 = Debug|Any CPU
		{F9555D5F-A0E7-4D40-9E48-3AD2BE7190CF}.Debug|x86.ActiveCfg = Debug|Any CPU
		{F9555D5F-A0E7-4D40-9E48-3AD2BE7190CF}.Debug|x86.Build.0 = Debug|Any CPU
		{F9555D5F-A0E7-4D40-9E48-3AD2BE7190CF}.Release|Any CPU.ActiveCfg = Release|Any CPU
		{F9555D5F-A0E7-4D40-9E48-3AD2BE7190CF}.Release|Any CPU.Build.0 = Release|Any CPU
		{F9555D5F-A0E7-4D40-9E48-3AD2BE7190CF}.Release|x64.ActiveCfg = Release|Any CPU
		{F9555D5F-A0E7-4D40-9E48-3AD2BE7190CF}.Release|x64.Build.0 = Release|Any CPU
		{F9555D5F-A0E7-4D40-9E48-3AD2BE7190CF}.Release|x86.ActiveCfg = Release|Any CPU
		{F9555D5F-A0E7-4D40-9E48-3AD2BE7190CF}.Release|x86.Build.0 = Release|Any CPU
		{74837539-4E01-4758-80BD-EE8E244127CA}.Debug|Any CPU.ActiveCfg = Debug|Any CPU
		{74837539-4E01-4758-80BD-EE8E244127CA}.Debug|Any CPU.Build.0 = Debug|Any CPU
		{74837539-4E01-4758-80BD-EE8E244127CA}.Debug|x64.ActiveCfg = Debug|Any CPU
		{74837539-4E01-4758-80BD-EE8E244127CA}.Debug|x64.Build.0 = Debug|Any CPU
		{74837539-4E01-4758-80BD-EE8E244127CA}.Debug|x86.ActiveCfg = Debug|Any CPU
		{74837539-4E01-4758-80BD-EE8E244127CA}.Debug|x86.Build.0 = Debug|Any CPU
		{74837539-4E01-4758-80BD-EE8E244127CA}.Release|Any CPU.ActiveCfg = Release|Any CPU
		{74837539-4E01-4758-80BD-EE8E244127CA}.Release|Any CPU.Build.0 = Release|Any CPU
		{74837539-4E01-4758-80BD-EE8E244127CA}.Release|x64.ActiveCfg = Release|Any CPU
		{74837539-4E01-4758-80BD-EE8E244127CA}.Release|x64.Build.0 = Release|Any CPU
		{74837539-4E01-4758-80BD-EE8E244127CA}.Release|x86.ActiveCfg = Release|Any CPU
		{74837539-4E01-4758-80BD-EE8E244127CA}.Release|x86.Build.0 = Release|Any CPU
		{B533E7E9-0EFA-4526-8D03-DE415B739721}.Debug|Any CPU.ActiveCfg = Debug|Any CPU
		{B533E7E9-0EFA-4526-8D03-DE415B739721}.Debug|Any CPU.Build.0 = Debug|Any CPU
		{B533E7E9-0EFA-4526-8D03-DE415B739721}.Debug|x64.ActiveCfg = Debug|Any CPU
		{B533E7E9-0EFA-4526-8D03-DE415B739721}.Debug|x64.Build.0 = Debug|Any CPU
		{B533E7E9-0EFA-4526-8D03-DE415B739721}.Debug|x86.ActiveCfg = Debug|Any CPU
		{B533E7E9-0EFA-4526-8D03-DE415B739721}.Debug|x86.Build.0 = Debug|Any CPU
		{B533E7E9-0EFA-4526-8D03-DE415B739721}.Release|Any CPU.ActiveCfg = Release|Any CPU
		{B533E7E9-0EFA-4526-8D03-DE415B739721}.Release|Any CPU.Build.0 = Release|Any CPU
		{B533E7E9-0EFA-4526-8D03-DE415B739721}.Release|x64.ActiveCfg = Release|Any CPU
		{B533E7E9-0EFA-4526-8D03-DE415B739721}.Release|x64.Build.0 = Release|Any CPU
		{B533E7E9-0EFA-4526-8D03-DE415B739721}.Release|x86.ActiveCfg = Release|Any CPU
		{B533E7E9-0EFA-4526-8D03-DE415B739721}.Release|x86.Build.0 = Release|Any CPU
		{F1D9F51B-6FBE-4D99-A497-E461FDC3FD96}.Debug|Any CPU.ActiveCfg = Debug|Any CPU
		{F1D9F51B-6FBE-4D99-A497-E461FDC3FD96}.Debug|Any CPU.Build.0 = Debug|Any CPU
		{F1D9F51B-6FBE-4D99-A497-E461FDC3FD96}.Debug|x64.ActiveCfg = Debug|Any CPU
		{F1D9F51B-6FBE-4D99-A497-E461FDC3FD96}.Debug|x64.Build.0 = Debug|Any CPU
		{F1D9F51B-6FBE-4D99-A497-E461FDC3FD96}.Debug|x86.ActiveCfg = Debug|Any CPU
		{F1D9F51B-6FBE-4D99-A497-E461FDC3FD96}.Debug|x86.Build.0 = Debug|Any CPU
		{F1D9F51B-6FBE-4D99-A497-E461FDC3FD96}.Release|Any CPU.ActiveCfg = Release|Any CPU
		{F1D9F51B-6FBE-4D99-A497-E461FDC3FD96}.Release|Any CPU.Build.0 = Release|Any CPU
		{F1D9F51B-6FBE-4D99-A497-E461FDC3FD96}.Release|x64.ActiveCfg = Release|Any CPU
		{F1D9F51B-6FBE-4D99-A497-E461FDC3FD96}.Release|x64.Build.0 = Release|Any CPU
		{F1D9F51B-6FBE-4D99-A497-E461FDC3FD96}.Release|x86.ActiveCfg = Release|Any CPU
		{F1D9F51B-6FBE-4D99-A497-E461FDC3FD96}.Release|x86.Build.0 = Release|Any CPU
	EndGlobalSection
EndGlobal
